<?xml version="1.0" encoding="utf-8"?>
<Project ToolsVersion="15.0" xmlns="http://schemas.microsoft.com/developer/msbuild/2003">
  <ItemGroup>
    <ClCompile Include="..\podofocolor\podofocolor.cpp">
      <Filter>Source Files</Filter>
    </ClCompile>
    <ClCompile Include="..\podofocolor\colorchanger.cpp">
      <Filter>Source Files</Filter>
    </ClCompile>
    <ClCompile Include="..\podofocolor\colorspace.cpp">
      <Filter>Source Files</Filter>
    </ClCompile>
    <ClCompile Include="..\podofocolor\graphicsstack.cpp">
      <Filter>Source Files</Filter>
    </ClCompile>
    <ClCompile Include="..\podofocolor\iconverter.cpp">
      <Filter>Source Files</Filter>
    </ClCompile>
    <ClCompile Include="..\podofocolor\dummyconverter.cpp">
      <Filter>Source Files</Filter>
    </ClCompile>
    <ClCompile Include="..\podofocolor\grayscaleconverter.cpp">
      <Filter>Source Files</Filter>
    </ClCompile>
    <ClCompile Include="luaconverter.cpp">
      <Filter>Source Files</Filter>
    </ClCompile>
  </ItemGroup>
  <ItemGroup>
    <Filter Include="Source Files">
      <UniqueIdentifier>{421FBAB8-8467-3811-A0E6-8BF4454CC6F2}</UniqueIdentifier>
    </Filter>
  </ItemGroup>
  <ItemGroup>
    <ClInclude Include="luaconverter.h">
      <Filter>Source Files</Filter>
    </ClInclude>
  </ItemGroup>
</Project>