
Microsoft Visual Studio Solution File, Format Version 12.00
# Visual Studio 15
VisualStudioVersion = 15.0.28307.421
MinimumVisualStudioVersion = 10.0.40219.1
Project("{2150E333-8FDC-42A3-9474-1A3956D46DE8}") = "0_thirdparty", "0_thirdparty", "{184E2460-6809-4F1F-920F-6FB0C479BA30}"
EndProject
Project("{8BC9CEB8-8B4A-11D0-8D11-00A0C91BC942}") = "podofo", "thirdparty\podofo-0.9.8\podofo\podofo.vcxproj", "{FB70D59F-AD7E-351E-B0B7-CB77894A5494}"
EndProject
Project("{8BC9CEB8-8B4A-11D0-8D11-00A0C91BC942}") = "libzlib", "thirdparty\zlib-1.2.12\libzlib.vcxproj", "{98370A1A-2305-3AE1-8D6B-0841290DE59E}"
EndProject
Project("{2150E333-8FDC-42A3-9474-1A3956D46DE8}") = "0_lib", "0_lib", "{4BE1C48D-13B4-4951-B8DB-469EE0BB56B1}"
EndProject
Project("{2150E333-8FDC-42A3-9474-1A3956D46DE8}") = "1_dll", "1_dll", "{DC643B0C-59C9-483C-8EAB-D7500F053124}"
EndProject
Project("{8BC9CEB8-8B4A-11D0-8D11-00A0C91BC942}") = "libjpeg", "thirdparty\jpeg-9e\libjpeg.vcxproj", "{5969AB1D-3891-4E8F-91AD-DF4E5B0EBADF}"
EndProject
Project("{8BC9CEB8-8B4A-11D0-8D11-00A0C91BC942}") = "libtiff", "thirdparty\tiff-4.4.0\libtiff.vcxproj", "{89DC3EA3-9065-4245-9DEE-2DE898409964}"
EndProject
Project("{8BC9CEB8-8B4A-11D0-8D11-00A0C91BC942}") = "tiff", "thirdparty\tiff-4.4.0\tiff.vcxproj", "{44DCE50D-1E7A-3B6C-9F01-BD94A7350BB1}"
EndProject
Project("{8BC9CEB8-8B4A-11D0-8D11-00A0C91BC942}") = "zlib", "thirdparty\zlib-1.2.12\zlib.vcxproj", "{A0AFD9EC-79C8-36CE-B0E8-1B7699B493C9}"
EndProject
Project("{8BC9CEB8-8B4A-11D0-8D11-00A0C91BC942}") = "libeay32", "thirdparty\openssl-1.1.1q\libeay32.vcxproj", "{70ABE75C-FBC2-4C82-9103-B952FA5CD168}"
EndProject
Project("{8BC9CEB8-8B4A-11D0-8D11-00A0C91BC942}") = "libssleay32", "thirdparty\openssl-1.1.1q\libssleay32.vcxproj", "{24265BD3-3CF3-41A9-B137-53DBEC0F53BF}"
EndProject
Project("{8BC9CEB8-8B4A-11D0-8D11-00A0C91BC942}") = "libfreetype", "thirdparty\freetype-2.12.1\libfreetype.vcxproj", "{4BCA43B1-433B-3C12-98C5-9F6C05FD583D}"
EndProject
Project("{8BC9CEB8-8B4A-11D0-8D11-00A0C91BC942}") = "freetype", "thirdparty\freetype-2.12.1\freetype.vcxproj", "{93E03254-BE37-4A1B-82DF-0F6058EB3BB2}"
EndProject
Project("{8BC9CEB8-8B4A-11D0-8D11-00A0C91BC942}") = "libpng", "thirdparty\png1637\libpng.vcxproj", "{30B09509-2893-3529-A441-F1C5EB136B61}"
EndProject
Project("{8BC9CEB8-8B4A-11D0-8D11-00A0C91BC942}") = "png", "thirdparty\png1637\png.vcxproj", "{26E8BE2A-9314-3B99-B5BB-542E9EDE99BF}"
EndProject
Global
	GlobalSection(SolutionConfigurationPlatforms) = preSolution
		Debug|x64 = Debug|x64
		Release|x64 = Release|x64
	EndGlobalSection
	GlobalSection(ProjectConfigurationPlatforms) = postSolution
		{FB70D59F-AD7E-351E-B0B7-CB77894A5494}.Debug|x64.ActiveCfg = Debug|x64
		{FB70D59F-AD7E-351E-B0B7-CB77894A5494}.Debug|x64.Build.0 = Debug|x64
		{FB70D59F-AD7E-351E-B0B7-CB77894A5494}.Release|x64.ActiveCfg = Release|x64
		{FB70D59F-AD7E-351E-B0B7-CB77894A5494}.Release|x64.Build.0 = Release|x64
		{98370A1A-2305-3AE1-8D6B-0841290DE59E}.Debug|x64.ActiveCfg = Debug|x64
		{98370A1A-2305-3AE1-8D6B-0841290DE59E}.Debug|x64.Build.0 = Debug|x64
		{98370A1A-2305-3AE1-8D6B-0841290DE59E}.Release|x64.ActiveCfg = Release|x64
		{98370A1A-2305-3AE1-8D6B-0841290DE59E}.Release|x64.Build.0 = Release|x64
		{5969AB1D-3891-4E8F-91AD-DF4E5B0EBADF}.Debug|x64.ActiveCfg = Debug|x64
		{5969AB1D-3891-4E8F-91AD-DF4E5B0EBADF}.Debug|x64.Build.0 = Debug|x64
		{5969AB1D-3891-4E8F-91AD-DF4E5B0EBADF}.Release|x64.ActiveCfg = Release|x64
		{5969AB1D-3891-4E8F-91AD-DF4E5B0EBADF}.Release|x64.Build.0 = Release|x64
		{89DC3EA3-9065-4245-9DEE-2DE898409964}.Debug|x64.ActiveCfg = Debug|x64
		{89DC3EA3-9065-4245-9DEE-2DE898409964}.Debug|x64.Build.0 = Debug|x64
		{89DC3EA3-9065-4245-9DEE-2DE898409964}.Release|x64.ActiveCfg = Release|x64
		{89DC3EA3-9065-4245-9DEE-2DE898409964}.Release|x64.Build.0 = Release|x64
		{44DCE50D-1E7A-3B6C-9F01-BD94A7350BB1}.Debug|x64.ActiveCfg = Debug|x64
		{44DCE50D-1E7A-3B6C-9F01-BD94A7350BB1}.Debug|x64.Build.0 = Debug|x64
		{44DCE50D-1E7A-3B6C-9F01-BD94A7350BB1}.Release|x64.ActiveCfg = Release|x64
		{44DCE50D-1E7A-3B6C-9F01-BD94A7350BB1}.Release|x64.Build.0 = Release|x64
		{A0AFD9EC-79C8-36CE-B0E8-1B7699B493C9}.Debug|x64.ActiveCfg = Debug|x64
		{A0AFD9EC-79C8-36CE-B0E8-1B7699B493C9}.Debug|x64.Build.0 = Debug|x64
		{A0AFD9EC-79C8-36CE-B0E8-1B7699B493C9}.Release|x64.ActiveCfg = Release|x64
		{A0AFD9EC-79C8-36CE-B0E8-1B7699B493C9}.Release|x64.Build.0 = Release|x64
		{70ABE75C-FBC2-4C82-9103-B952FA5CD168}.Debug|x64.ActiveCfg = Debug|x64
		{70ABE75C-FBC2-4C82-9103-B952FA5CD168}.Debug|x64.Build.0 = Debug|x64
		{70ABE75C-FBC2-4C82-9103-B952FA5CD168}.Release|x64.ActiveCfg = Release|x64
		{70ABE75C-FBC2-4C82-9103-B952FA5CD168}.Release|x64.Build.0 = Release|x64
		{24265BD3-3CF3-41A9-B137-53DBEC0F53BF}.Debug|x64.ActiveCfg = Debug|x64
		{24265BD3-3CF3-41A9-B137-53DBEC0F53BF}.Debug|x64.Build.0 = Debug|x64
		{24265BD3-3CF3-41A9-B137-53DBEC0F53BF}.Release|x64.ActiveCfg = Release|x64
		{24265BD3-3CF3-41A9-B137-53DBEC0F53BF}.Release|x64.Build.0 = Release|x64
		{4BCA43B1-433B-3C12-98C5-9F6C05FD583D}.Debug|x64.ActiveCfg = Debug|x64
		{4BCA43B1-433B-3C12-98C5-9F6C05FD583D}.Debug|x64.Build.0 = Debug|x64
		{4BCA43B1-433B-3C12-98C5-9F6C05FD583D}.Release|x64.ActiveCfg = Release|x64
		{4BCA43B1-433B-3C12-98C5-9F6C05FD583D}.Release|x64.Build.0 = Release|x64
		{93E03254-BE37-4A1B-82DF-0F6058EB3BB2}.Debug|x64.ActiveCfg = Debug|x64
		{93E03254-BE37-4A1B-82DF-0F6058EB3BB2}.Debug|x64.Build.0 = Debug|x64
		{93E03254-BE37-4A1B-82DF-0F6058EB3BB2}.Release|x64.ActiveCfg = Release|x64
		{93E03254-BE37-4A1B-82DF-0F6058EB3BB2}.Release|x64.Build.0 = Release|x64
		{30B09509-2893-3529-A441-F1C5EB136B61}.Debug|x64.ActiveCfg = Debug|x64
		{30B09509-2893-3529-A441-F1C5EB136B61}.Debug|x64.Build.0 = Debug|x64
		{30B09509-2893-3529-A441-F1C5EB136B61}.Release|x64.ActiveCfg = Release|x64
		{30B09509-2893-3529-A441-F1C5EB136B61}.Release|x64.Build.0 = Release|x64
		{26E8BE2A-9314-3B99-B5BB-542E9EDE99BF}.Debug|x64.ActiveCfg = Debug|x64
		{26E8BE2A-9314-3B99-B5BB-542E9EDE99BF}.Debug|x64.Build.0 = Debug|x64
		{26E8BE2A-9314-3B99-B5BB-542E9EDE99BF}.Release|x64.ActiveCfg = Release|x64
		{26E8BE2A-9314-3B99-B5BB-542E9EDE99BF}.Release|x64.Build.0 = Release|x64
	EndGlobalSection
	GlobalSection(SolutionProperties) = preSolution
		HideSolutionNode = FALSE
	EndGlobalSection
	GlobalSection(NestedProjects) = preSolution
		{FB70D59F-AD7E-351E-B0B7-CB77894A5494} = {DC643B0C-59C9-483C-8EAB-D7500F053124}
		{98370A1A-2305-3AE1-8D6B-0841290DE59E} = {4BE1C48D-13B4-4951-B8DB-469EE0BB56B1}
		{4BE1C48D-13B4-4951-B8DB-469EE0BB56B1} = {184E2460-6809-4F1F-920F-6FB0C479BA30}
		{DC643B0C-59C9-483C-8EAB-D7500F053124} = {184E2460-6809-4F1F-920F-6FB0C479BA30}
		{5969AB1D-3891-4E8F-91AD-DF4E5B0EBADF} = {4BE1C48D-13B4-4951-B8DB-469EE0BB56B1}
		{89DC3EA3-9065-4245-9DEE-2DE898409964} = {4BE1C48D-13B4-4951-B8DB-469EE0BB56B1}
		{44DCE50D-1E7A-3B6C-9F01-BD94A7350BB1} = {DC643B0C-59C9-483C-8EAB-D7500F053124}
		{A0AFD9EC-79C8-36CE-B0E8-1B7699B493C9} = {DC643B0C-59C9-483C-8EAB-D7500F053124}
		{70ABE75C-FBC2-4C82-9103-B952FA5CD168} = {4BE1C48D-13B4-4951-B8DB-469EE0BB56B1}
		{24265BD3-3CF3-41A9-B137-53DBEC0F53BF} = {4BE1C48D-13B4-4951-B8DB-469EE0BB56B1}
		{4BCA43B1-433B-3C12-98C5-9F6C05FD583D} = {4BE1C48D-13B4-4951-B8DB-469EE0BB56B1}
		{93E03254-BE37-4A1B-82DF-0F6058EB3BB2} = {DC643B0C-59C9-483C-8EAB-D7500F053124}
		{30B09509-2893-3529-A441-F1C5EB136B61} = {4BE1C48D-13B4-4951-B8DB-469EE0BB56B1}
		{26E8BE2A-9314-3B99-B5BB-542E9EDE99BF} = {DC643B0C-59C9-483C-8EAB-D7500F053124}
	EndGlobalSection
	GlobalSection(ExtensibilityGlobals) = postSolution
		SolutionGuid = {0A8CEE52-492A-4393-9DD8-1A14948800DE}
	EndGlobalSection
EndGlobal
