
Microsoft Visual Studio Solution File, Format Version 12.00
# Visual Studio 15
VisualStudioVersion = 15.0.28307.421
MinimumVisualStudioVersion = 10.0.40219.1
Project("{2150E333-8FDC-42A3-9474-1A3956D46DE8}") = "0_thirdparty", "0_thirdparty", "{184E2460-6809-4F1F-920F-6FB0C479BA30}"
EndProject
Project("{8BC9CEB8-8B4A-11D0-8D11-00A0C91BC942}") = "podofo", "thirdparty\podofo-0.9.8\podofo\podofo.vcxproj", "{FB70D59F-AD7E-351E-B0B7-CB77894A5494}"
	ProjectSection(ProjectDependencies) = postProject
		{44DCE50D-1E7A-3B6C-9F01-BD94A7350BB1} = {44DCE50D-1E7A-3B6C-9F01-BD94A7350BB1}
		{E7A12C0E-07B4-407C-88C6-55F151F78178} = {E7A12C0E-07B4-407C-88C6-55F151F78178}
		{5969AB1D-3891-4E8F-91AD-DF4E5B0EBADF} = {5969AB1D-3891-4E8F-91AD-DF4E5B0EBADF}
		{26E8BE2A-9314-3B99-B5BB-542E9EDE99BF} = {26E8BE2A-9314-3B99-B5BB-542E9EDE99BF}
		{93E03254-BE37-4A1B-82DF-0F6058EB3BB2} = {93E03254-BE37-4A1B-82DF-0F6058EB3BB2}
		{0B883079-812A-405E-AC8F-59F47CE9A3FF} = {0B883079-812A-405E-AC8F-59F47CE9A3FF}
		{785BA08C-7231-42CD-88AF-22BB72BE972B} = {785BA08C-7231-42CD-88AF-22BB72BE972B}
		{A0AFD9EC-79C8-36CE-B0E8-1B7699B493C9} = {A0AFD9EC-79C8-36CE-B0E8-1B7699B493C9}
		{AE18FFF7-BC83-4CD8-A55E-C2469A5BAD45} = {AE18FFF7-BC83-4CD8-A55E-C2469A5BAD45}
	EndProjectSection
EndProject
Project("{8BC9CEB8-8B4A-11D0-8D11-00A0C91BC942}") = "libzlib", "thirdparty\zlib-1.2.12\libzlib.vcxproj", "{98370A1A-2305-3AE1-8D6B-0841290DE59E}"
EndProject
Project("{2150E333-8FDC-42A3-9474-1A3956D46DE8}") = "0_lib", "0_lib", "{4BE1C48D-13B4-4951-B8DB-469EE0BB56B1}"
EndProject
Project("{2150E333-8FDC-42A3-9474-1A3956D46DE8}") = "1_dll", "1_dll", "{DC643B0C-59C9-483C-8EAB-D7500F053124}"
EndProject
Project("{8BC9CEB8-8B4A-11D0-8D11-00A0C91BC942}") = "libjpeg", "thirdparty\jpeg-9e\libjpeg.vcxproj", "{5969AB1D-3891-4E8F-91AD-DF4E5B0EBADF}"
EndProject
Project("{8BC9CEB8-8B4A-11D0-8D11-00A0C91BC942}") = "libtiff", "thirdparty\tiff-4.4.0\libtiff.vcxproj", "{89DC3EA3-9065-4245-9DEE-2DE898409964}"
EndProject
Project("{8BC9CEB8-8B4A-11D0-8D11-00A0C91BC942}") = "tiff", "thirdparty\tiff-4.4.0\tiff.vcxproj", "{44DCE50D-1E7A-3B6C-9F01-BD94A7350BB1}"
EndProject
Project("{8BC9CEB8-8B4A-11D0-8D11-00A0C91BC942}") = "zlib", "thirdparty\zlib-1.2.12\zlib.vcxproj", "{A0AFD9EC-79C8-36CE-B0E8-1B7699B493C9}"
EndProject
Project("{8BC9CEB8-8B4A-11D0-8D11-00A0C91BC942}") = "libeay32", "thirdparty\openssl-1.1.1q\libeay32.vcxproj", "{70ABE75C-FBC2-4C82-9103-B952FA5CD168}"
EndProject
Project("{8BC9CEB8-8B4A-11D0-8D11-00A0C91BC942}") = "libssleay32", "thirdparty\openssl-1.1.1q\libssleay32.vcxproj", "{24265BD3-3CF3-41A9-B137-53DBEC0F53BF}"
EndProject
Project("{8BC9CEB8-8B4A-11D0-8D11-00A0C91BC942}") = "libfreetype", "thirdparty\freetype-2.12.1\libfreetype.vcxproj", "{4BCA43B1-433B-3C12-98C5-9F6C05FD583D}"
EndProject
Project("{8BC9CEB8-8B4A-11D0-8D11-00A0C91BC942}") = "freetype", "thirdparty\freetype-2.12.1\freetype.vcxproj", "{93E03254-BE37-4A1B-82DF-0F6058EB3BB2}"
EndProject
Project("{8BC9CEB8-8B4A-11D0-8D11-00A0C91BC942}") = "libpng", "thirdparty\png1637\libpng.vcxproj", "{30B09509-2893-3529-A441-F1C5EB136B61}"
EndProject
Project("{8BC9CEB8-8B4A-11D0-8D11-00A0C91BC942}") = "png", "thirdparty\png1637\png.vcxproj", "{26E8BE2A-9314-3B99-B5BB-542E9EDE99BF}"
	ProjectSection(ProjectDependencies) = postProject
		{A0AFD9EC-79C8-36CE-B0E8-1B7699B493C9} = {A0AFD9EC-79C8-36CE-B0E8-1B7699B493C9}
	EndProjectSection
EndProject
Project("{8BC9CEB8-8B4A-11D0-8D11-00A0C91BC942}") = "idn", "thirdparty\idn-1.22\idn.vcxproj", "{0B883079-812A-405E-AC8F-59F47CE9A3FF}"
EndProject
Project("{8BC9CEB8-8B4A-11D0-8D11-00A0C91BC942}") = "libfontconfig", "thirdparty\fontconfig-2.12.1\libfontconfig.vcxproj", "{A78DCBC4-077B-4884-A7F4-D9AF70EDB538}"
EndProject
Project("{8BC9CEB8-8B4A-11D0-8D11-00A0C91BC942}") = "fontconfig", "thirdparty\fontconfig-2.12.1\fontconfig.vcxproj", "{AE18FFF7-BC83-4CD8-A55E-C2469A5BAD45}"
	ProjectSection(ProjectDependencies) = postProject
		{E7A12C0E-07B4-407C-88C6-55F151F78178} = {E7A12C0E-07B4-407C-88C6-55F151F78178}
		{F845544D-E354-32E3-8F9F-715855ACEFC8} = {F845544D-E354-32E3-8F9F-715855ACEFC8}
		{785BA08C-7231-42CD-88AF-22BB72BE972B} = {785BA08C-7231-42CD-88AF-22BB72BE972B}
	EndProjectSection
EndProject
Project("{8BC9CEB8-8B4A-11D0-8D11-00A0C91BC942}") = "libxml2", "thirdparty\xml2-v2.9.14\libxml2.vcxproj", "{3BAAD622-1444-3C84-93F2-E1F2DFE525DC}"
EndProject
Project("{8BC9CEB8-8B4A-11D0-8D11-00A0C91BC942}") = "xml2", "thirdparty\xml2-v2.9.14\xml2.vcxproj", "{E7A12C0E-07B4-407C-88C6-55F151F78178}"
EndProject
Project("{8BC9CEB8-8B4A-11D0-8D11-00A0C91BC942}") = "libiconv", "thirdparty\iconv-1.17\libiconv.vcxproj", "{CB8BB76F-D3FF-434E-A85E-7FFC0893EC9B}"
EndProject
Project("{8BC9CEB8-8B4A-11D0-8D11-00A0C91BC942}") = "iconv", "thirdparty\iconv-1.17\iconv.vcxproj", "{785BA08C-7231-42CD-88AF-22BB72BE972B}"
EndProject
Project("{8BC9CEB8-8B4A-11D0-8D11-00A0C91BC942}") = "libexpat", "thirdparty\expat-R_2_4_8\libexpat.vcxproj", "{C77A529D-D263-45C7-BAD6-F5E07DE511B5}"
EndProject
Project("{8BC9CEB8-8B4A-11D0-8D11-00A0C91BC942}") = "expat", "thirdparty\expat-R_2_4_8\expat.vcxproj", "{F845544D-E354-32E3-8F9F-715855ACEFC8}"
EndProject
Project("{8BC9CEB8-8B4A-11D0-8D11-00A0C91BC942}") = "libidn", "thirdparty\idn-1.22\libidn.vcxproj", "{2BBED7D2-83B7-4AFB-A90D-CCFFF49E2075}"
EndProject
Project("{2150E333-8FDC-42A3-9474-1A3956D46DE8}") = "1_demo", "1_demo", "{0B67D7ED-6CCC-40CC-A0EC-78F5866E6947}"
EndProject
Project("{2150E333-8FDC-42A3-9474-1A3956D46DE8}") = "test", "test", "{E2068763-58F5-4380-B6A5-1D02290220F3}"
EndProject
Project("{8BC9CEB8-8B4A-11D0-8D11-00A0C91BC942}") = "ContentParser", "demo\test\ContentParser\ContentParser.vcxproj", "{28EC8832-C472-38CC-A407-70C35EF810DD}"
EndProject
Project("{8BC9CEB8-8B4A-11D0-8D11-00A0C91BC942}") = "CreationTest", "demo\test\CreationTest\CreationTest.vcxproj", "{A5D564A6-D503-3239-851D-75F9C839CDF7}"
EndProject
Project("{8BC9CEB8-8B4A-11D0-8D11-00A0C91BC942}") = "FilterTest", "demo\test\FilterTest\FilterTest.vcxproj", "{4613EDC6-AA71-3AEC-A58E-C322B57A7737}"
EndProject
Project("{8BC9CEB8-8B4A-11D0-8D11-00A0C91BC942}") = "FormTest", "demo\test\FormTest\FormTest.vcxproj", "{9D6D8280-2A4D-315C-B068-675031936186}"
EndProject
Project("{8BC9CEB8-8B4A-11D0-8D11-00A0C91BC942}") = "ObjectParserTest", "demo\test\ObjectParserTest\ObjectParserTest.vcxproj", "{BB6E368D-D801-32A8-861A-E3CC238E831D}"
EndProject
Project("{8BC9CEB8-8B4A-11D0-8D11-00A0C91BC942}") = "ParserTest", "demo\test\ParserTest\ParserTest.vcxproj", "{C60DAFAF-165B-37A6-A3A3-DA98C450BA4F}"
EndProject
Project("{8BC9CEB8-8B4A-11D0-8D11-00A0C91BC942}") = "SignatureTest", "demo\test\SignatureTest\SignatureTest.vcxproj", "{3C104F36-AE63-3D19-901B-24D25AE6C5F1}"
EndProject
Project("{8BC9CEB8-8B4A-11D0-8D11-00A0C91BC942}") = "TokenizerTest", "demo\test\TokenizerTest\TokenizerTest.vcxproj", "{EBD3C147-AC25-348B-8AF8-CFE50BEA7E8D}"
EndProject
Project("{8BC9CEB8-8B4A-11D0-8D11-00A0C91BC942}") = "VariantTest", "demo\test\VariantTest\VariantTest.vcxproj", "{38985C75-DC80-3721-9F87-A71E0133D13A}"
EndProject
Project("{8BC9CEB8-8B4A-11D0-8D11-00A0C91BC942}") = "WatermarkTest", "demo\test\WatermarkTest\WatermarkTest.vcxproj", "{5C326712-2422-3538-A27D-DB34A744CC7F}"
EndProject
Global
	GlobalSection(SolutionConfigurationPlatforms) = preSolution
		Debug|x64 = Debug|x64
		Release|x64 = Release|x64
	EndGlobalSection
	GlobalSection(ProjectConfigurationPlatforms) = postSolution
		{FB70D59F-AD7E-351E-B0B7-CB77894A5494}.Debug|x64.ActiveCfg = Debug|x64
		{FB70D59F-AD7E-351E-B0B7-CB77894A5494}.Debug|x64.Build.0 = Debug|x64
		{FB70D59F-AD7E-351E-B0B7-CB77894A5494}.Release|x64.ActiveCfg = Release|x64
		{FB70D59F-AD7E-351E-B0B7-CB77894A5494}.Release|x64.Build.0 = Release|x64
		{98370A1A-2305-3AE1-8D6B-0841290DE59E}.Debug|x64.ActiveCfg = Debug|x64
		{98370A1A-2305-3AE1-8D6B-0841290DE59E}.Debug|x64.Build.0 = Debug|x64
		{98370A1A-2305-3AE1-8D6B-0841290DE59E}.Release|x64.ActiveCfg = Release|x64
		{98370A1A-2305-3AE1-8D6B-0841290DE59E}.Release|x64.Build.0 = Release|x64
		{5969AB1D-3891-4E8F-91AD-DF4E5B0EBADF}.Debug|x64.ActiveCfg = Debug|x64
		{5969AB1D-3891-4E8F-91AD-DF4E5B0EBADF}.Debug|x64.Build.0 = Debug|x64
		{5969AB1D-3891-4E8F-91AD-DF4E5B0EBADF}.Release|x64.ActiveCfg = Release|x64
		{5969AB1D-3891-4E8F-91AD-DF4E5B0EBADF}.Release|x64.Build.0 = Release|x64
		{89DC3EA3-9065-4245-9DEE-2DE898409964}.Debug|x64.ActiveCfg = Debug|x64
		{89DC3EA3-9065-4245-9DEE-2DE898409964}.Debug|x64.Build.0 = Debug|x64
		{89DC3EA3-9065-4245-9DEE-2DE898409964}.Release|x64.ActiveCfg = Release|x64
		{89DC3EA3-9065-4245-9DEE-2DE898409964}.Release|x64.Build.0 = Release|x64
		{44DCE50D-1E7A-3B6C-9F01-BD94A7350BB1}.Debug|x64.ActiveCfg = Debug|x64
		{44DCE50D-1E7A-3B6C-9F01-BD94A7350BB1}.Debug|x64.Build.0 = Debug|x64
		{44DCE50D-1E7A-3B6C-9F01-BD94A7350BB1}.Release|x64.ActiveCfg = Release|x64
		{44DCE50D-1E7A-3B6C-9F01-BD94A7350BB1}.Release|x64.Build.0 = Release|x64
		{A0AFD9EC-79C8-36CE-B0E8-1B7699B493C9}.Debug|x64.ActiveCfg = Debug|x64
		{A0AFD9EC-79C8-36CE-B0E8-1B7699B493C9}.Debug|x64.Build.0 = Debug|x64
		{A0AFD9EC-79C8-36CE-B0E8-1B7699B493C9}.Release|x64.ActiveCfg = Release|x64
		{A0AFD9EC-79C8-36CE-B0E8-1B7699B493C9}.Release|x64.Build.0 = Release|x64
		{70ABE75C-FBC2-4C82-9103-B952FA5CD168}.Debug|x64.ActiveCfg = Debug|x64
		{70ABE75C-FBC2-4C82-9103-B952FA5CD168}.Debug|x64.Build.0 = Debug|x64
		{70ABE75C-FBC2-4C82-9103-B952FA5CD168}.Release|x64.ActiveCfg = Release|x64
		{70ABE75C-FBC2-4C82-9103-B952FA5CD168}.Release|x64.Build.0 = Release|x64
		{24265BD3-3CF3-41A9-B137-53DBEC0F53BF}.Debug|x64.ActiveCfg = Debug|x64
		{24265BD3-3CF3-41A9-B137-53DBEC0F53BF}.Debug|x64.Build.0 = Debug|x64
		{24265BD3-3CF3-41A9-B137-53DBEC0F53BF}.Release|x64.ActiveCfg = Release|x64
		{24265BD3-3CF3-41A9-B137-53DBEC0F53BF}.Release|x64.Build.0 = Release|x64
		{4BCA43B1-433B-3C12-98C5-9F6C05FD583D}.Debug|x64.ActiveCfg = Debug|x64
		{4BCA43B1-433B-3C12-98C5-9F6C05FD583D}.Debug|x64.Build.0 = Debug|x64
		{4BCA43B1-433B-3C12-98C5-9F6C05FD583D}.Release|x64.ActiveCfg = Release|x64
		{4BCA43B1-433B-3C12-98C5-9F6C05FD583D}.Release|x64.Build.0 = Release|x64
		{93E03254-BE37-4A1B-82DF-0F6058EB3BB2}.Debug|x64.ActiveCfg = Debug|x64
		{93E03254-BE37-4A1B-82DF-0F6058EB3BB2}.Debug|x64.Build.0 = Debug|x64
		{93E03254-BE37-4A1B-82DF-0F6058EB3BB2}.Release|x64.ActiveCfg = Release|x64
		{93E03254-BE37-4A1B-82DF-0F6058EB3BB2}.Release|x64.Build.0 = Release|x64
		{30B09509-2893-3529-A441-F1C5EB136B61}.Debug|x64.ActiveCfg = Debug|x64
		{30B09509-2893-3529-A441-F1C5EB136B61}.Debug|x64.Build.0 = Debug|x64
		{30B09509-2893-3529-A441-F1C5EB136B61}.Release|x64.ActiveCfg = Release|x64
		{30B09509-2893-3529-A441-F1C5EB136B61}.Release|x64.Build.0 = Release|x64
		{26E8BE2A-9314-3B99-B5BB-542E9EDE99BF}.Debug|x64.ActiveCfg = Debug|x64
		{26E8BE2A-9314-3B99-B5BB-542E9EDE99BF}.Debug|x64.Build.0 = Debug|x64
		{26E8BE2A-9314-3B99-B5BB-542E9EDE99BF}.Release|x64.ActiveCfg = Release|x64
		{26E8BE2A-9314-3B99-B5BB-542E9EDE99BF}.Release|x64.Build.0 = Release|x64
		{0B883079-812A-405E-AC8F-59F47CE9A3FF}.Debug|x64.ActiveCfg = Debug|x64
		{0B883079-812A-405E-AC8F-59F47CE9A3FF}.Debug|x64.Build.0 = Debug|x64
		{0B883079-812A-405E-AC8F-59F47CE9A3FF}.Release|x64.ActiveCfg = Release|x64
		{0B883079-812A-405E-AC8F-59F47CE9A3FF}.Release|x64.Build.0 = Release|x64
		{A78DCBC4-077B-4884-A7F4-D9AF70EDB538}.Debug|x64.ActiveCfg = Debug|x64
		{A78DCBC4-077B-4884-A7F4-D9AF70EDB538}.Debug|x64.Build.0 = Debug|x64
		{A78DCBC4-077B-4884-A7F4-D9AF70EDB538}.Release|x64.ActiveCfg = Release|x64
		{A78DCBC4-077B-4884-A7F4-D9AF70EDB538}.Release|x64.Build.0 = Release|x64
		{AE18FFF7-BC83-4CD8-A55E-C2469A5BAD45}.Debug|x64.ActiveCfg = Debug|x64
		{AE18FFF7-BC83-4CD8-A55E-C2469A5BAD45}.Debug|x64.Build.0 = Debug|x64
		{AE18FFF7-BC83-4CD8-A55E-C2469A5BAD45}.Release|x64.ActiveCfg = Release|x64
		{AE18FFF7-BC83-4CD8-A55E-C2469A5BAD45}.Release|x64.Build.0 = Release|x64
		{3BAAD622-1444-3C84-93F2-E1F2DFE525DC}.Debug|x64.ActiveCfg = Debug|x64
		{3BAAD622-1444-3C84-93F2-E1F2DFE525DC}.Debug|x64.Build.0 = Debug|x64
		{3BAAD622-1444-3C84-93F2-E1F2DFE525DC}.Release|x64.ActiveCfg = Release|x64
		{3BAAD622-1444-3C84-93F2-E1F2DFE525DC}.Release|x64.Build.0 = Release|x64
		{E7A12C0E-07B4-407C-88C6-55F151F78178}.Debug|x64.ActiveCfg = Debug|x64
		{E7A12C0E-07B4-407C-88C6-55F151F78178}.Debug|x64.Build.0 = Debug|x64
		{E7A12C0E-07B4-407C-88C6-55F151F78178}.Release|x64.ActiveCfg = Release|x64
		{E7A12C0E-07B4-407C-88C6-55F151F78178}.Release|x64.Build.0 = Release|x64
		{CB8BB76F-D3FF-434E-A85E-7FFC0893EC9B}.Debug|x64.ActiveCfg = Debug|x64
		{CB8BB76F-D3FF-434E-A85E-7FFC0893EC9B}.Debug|x64.Build.0 = Debug|x64
		{CB8BB76F-D3FF-434E-A85E-7FFC0893EC9B}.Release|x64.ActiveCfg = Release|x64
		{CB8BB76F-D3FF-434E-A85E-7FFC0893EC9B}.Release|x64.Build.0 = Release|x64
		{785BA08C-7231-42CD-88AF-22BB72BE972B}.Debug|x64.ActiveCfg = Debug|x64
		{785BA08C-7231-42CD-88AF-22BB72BE972B}.Debug|x64.Build.0 = Debug|x64
		{785BA08C-7231-42CD-88AF-22BB72BE972B}.Release|x64.ActiveCfg = Release|x64
		{785BA08C-7231-42CD-88AF-22BB72BE972B}.Release|x64.Build.0 = Release|x64
		{C77A529D-D263-45C7-BAD6-F5E07DE511B5}.Debug|x64.ActiveCfg = Debug|x64
		{C77A529D-D263-45C7-BAD6-F5E07DE511B5}.Debug|x64.Build.0 = Debug|x64
		{C77A529D-D263-45C7-BAD6-F5E07DE511B5}.Release|x64.ActiveCfg = Release|x64
		{C77A529D-D263-45C7-BAD6-F5E07DE511B5}.Release|x64.Build.0 = Release|x64
		{F845544D-E354-32E3-8F9F-715855ACEFC8}.Debug|x64.ActiveCfg = Debug|x64
		{F845544D-E354-32E3-8F9F-715855ACEFC8}.Debug|x64.Build.0 = Debug|x64
		{F845544D-E354-32E3-8F9F-715855ACEFC8}.Release|x64.ActiveCfg = Release|x64
		{F845544D-E354-32E3-8F9F-715855ACEFC8}.Release|x64.Build.0 = Release|x64
		{2BBED7D2-83B7-4AFB-A90D-CCFFF49E2075}.Debug|x64.ActiveCfg = Debug|x64
		{2BBED7D2-83B7-4AFB-A90D-CCFFF49E2075}.Debug|x64.Build.0 = Debug|x64
		{2BBED7D2-83B7-4AFB-A90D-CCFFF49E2075}.Release|x64.ActiveCfg = Release|x64
		{2BBED7D2-83B7-4AFB-A90D-CCFFF49E2075}.Release|x64.Build.0 = Release|x64
		{28EC8832-C472-38CC-A407-70C35EF810DD}.Debug|x64.ActiveCfg = Debug|x64
		{28EC8832-C472-38CC-A407-70C35EF810DD}.Debug|x64.Build.0 = Debug|x64
		{28EC8832-C472-38CC-A407-70C35EF810DD}.Release|x64.ActiveCfg = Release|x64
		{28EC8832-C472-38CC-A407-70C35EF810DD}.Release|x64.Build.0 = Release|x64
		{A5D564A6-D503-3239-851D-75F9C839CDF7}.Debug|x64.ActiveCfg = Debug|x64
		{A5D564A6-D503-3239-851D-75F9C839CDF7}.Debug|x64.Build.0 = Debug|x64
		{A5D564A6-D503-3239-851D-75F9C839CDF7}.Release|x64.ActiveCfg = Release|x64
		{A5D564A6-D503-3239-851D-75F9C839CDF7}.Release|x64.Build.0 = Release|x64
		{4613EDC6-AA71-3AEC-A58E-C322B57A7737}.Debug|x64.ActiveCfg = Debug|x64
		{4613EDC6-AA71-3AEC-A58E-C322B57A7737}.Debug|x64.Build.0 = Debug|x64
		{4613EDC6-AA71-3AEC-A58E-C322B57A7737}.Release|x64.ActiveCfg = Release|x64
		{4613EDC6-AA71-3AEC-A58E-C322B57A7737}.Release|x64.Build.0 = Release|x64
		{9D6D8280-2A4D-315C-B068-675031936186}.Debug|x64.ActiveCfg = Debug|x64
		{9D6D8280-2A4D-315C-B068-675031936186}.Debug|x64.Build.0 = Debug|x64
		{9D6D8280-2A4D-315C-B068-675031936186}.Release|x64.ActiveCfg = Release|x64
		{9D6D8280-2A4D-315C-B068-675031936186}.Release|x64.Build.0 = Release|x64
		{BB6E368D-D801-32A8-861A-E3CC238E831D}.Debug|x64.ActiveCfg = Debug|x64
		{BB6E368D-D801-32A8-861A-E3CC238E831D}.Debug|x64.Build.0 = Debug|x64
		{BB6E368D-D801-32A8-861A-E3CC238E831D}.Release|x64.ActiveCfg = Release|x64
		{BB6E368D-D801-32A8-861A-E3CC238E831D}.Release|x64.Build.0 = Release|x64
		{C60DAFAF-165B-37A6-A3A3-DA98C450BA4F}.Debug|x64.ActiveCfg = Debug|x64
		{C60DAFAF-165B-37A6-A3A3-DA98C450BA4F}.Debug|x64.Build.0 = Debug|x64
		{C60DAFAF-165B-37A6-A3A3-DA98C450BA4F}.Release|x64.ActiveCfg = Release|x64
		{C60DAFAF-165B-37A6-A3A3-DA98C450BA4F}.Release|x64.Build.0 = Release|x64
		{3C104F36-AE63-3D19-901B-24D25AE6C5F1}.Debug|x64.ActiveCfg = Debug|x64
		{3C104F36-AE63-3D19-901B-24D25AE6C5F1}.Debug|x64.Build.0 = Debug|x64
		{3C104F36-AE63-3D19-901B-24D25AE6C5F1}.Release|x64.ActiveCfg = Release|x64
		{3C104F36-AE63-3D19-901B-24D25AE6C5F1}.Release|x64.Build.0 = Release|x64
		{EBD3C147-AC25-348B-8AF8-CFE50BEA7E8D}.Debug|x64.ActiveCfg = Debug|x64
		{EBD3C147-AC25-348B-8AF8-CFE50BEA7E8D}.Debug|x64.Build.0 = Debug|x64
		{EBD3C147-AC25-348B-8AF8-CFE50BEA7E8D}.Release|x64.ActiveCfg = Release|x64
		{EBD3C147-AC25-348B-8AF8-CFE50BEA7E8D}.Release|x64.Build.0 = Release|x64
		{38985C75-DC80-3721-9F87-A71E0133D13A}.Debug|x64.ActiveCfg = Debug|x64
		{38985C75-DC80-3721-9F87-A71E0133D13A}.Debug|x64.Build.0 = Debug|x64
		{38985C75-DC80-3721-9F87-A71E0133D13A}.Release|x64.ActiveCfg = Release|x64
		{38985C75-DC80-3721-9F87-A71E0133D13A}.Release|x64.Build.0 = Release|x64
		{5C326712-2422-3538-A27D-DB34A744CC7F}.Debug|x64.ActiveCfg = Debug|x64
		{5C326712-2422-3538-A27D-DB34A744CC7F}.Debug|x64.Build.0 = Debug|x64
		{5C326712-2422-3538-A27D-DB34A744CC7F}.Release|x64.ActiveCfg = Release|x64
		{5C326712-2422-3538-A27D-DB34A744CC7F}.Release|x64.Build.0 = Release|x64
	EndGlobalSection
	GlobalSection(SolutionProperties) = preSolution
		HideSolutionNode = FALSE
	EndGlobalSection
	GlobalSection(NestedProjects) = preSolution
		{FB70D59F-AD7E-351E-B0B7-CB77894A5494} = {DC643B0C-59C9-483C-8EAB-D7500F053124}
		{98370A1A-2305-3AE1-8D6B-0841290DE59E} = {4BE1C48D-13B4-4951-B8DB-469EE0BB56B1}
		{4BE1C48D-13B4-4951-B8DB-469EE0BB56B1} = {184E2460-6809-4F1F-920F-6FB0C479BA30}
		{DC643B0C-59C9-483C-8EAB-D7500F053124} = {184E2460-6809-4F1F-920F-6FB0C479BA30}
		{5969AB1D-3891-4E8F-91AD-DF4E5B0EBADF} = {4BE1C48D-13B4-4951-B8DB-469EE0BB56B1}
		{89DC3EA3-9065-4245-9DEE-2DE898409964} = {4BE1C48D-13B4-4951-B8DB-469EE0BB56B1}
		{44DCE50D-1E7A-3B6C-9F01-BD94A7350BB1} = {DC643B0C-59C9-483C-8EAB-D7500F053124}
		{A0AFD9EC-79C8-36CE-B0E8-1B7699B493C9} = {DC643B0C-59C9-483C-8EAB-D7500F053124}
		{70ABE75C-FBC2-4C82-9103-B952FA5CD168} = {4BE1C48D-13B4-4951-B8DB-469EE0BB56B1}
		{24265BD3-3CF3-41A9-B137-53DBEC0F53BF} = {4BE1C48D-13B4-4951-B8DB-469EE0BB56B1}
		{4BCA43B1-433B-3C12-98C5-9F6C05FD583D} = {4BE1C48D-13B4-4951-B8DB-469EE0BB56B1}
		{93E03254-BE37-4A1B-82DF-0F6058EB3BB2} = {DC643B0C-59C9-483C-8EAB-D7500F053124}
		{30B09509-2893-3529-A441-F1C5EB136B61} = {4BE1C48D-13B4-4951-B8DB-469EE0BB56B1}
		{26E8BE2A-9314-3B99-B5BB-542E9EDE99BF} = {DC643B0C-59C9-483C-8EAB-D7500F053124}
		{0B883079-812A-405E-AC8F-59F47CE9A3FF} = {DC643B0C-59C9-483C-8EAB-D7500F053124}
		{A78DCBC4-077B-4884-A7F4-D9AF70EDB538} = {4BE1C48D-13B4-4951-B8DB-469EE0BB56B1}
		{AE18FFF7-BC83-4CD8-A55E-C2469A5BAD45} = {DC643B0C-59C9-483C-8EAB-D7500F053124}
		{3BAAD622-1444-3C84-93F2-E1F2DFE525DC} = {4BE1C48D-13B4-4951-B8DB-469EE0BB56B1}
		{E7A12C0E-07B4-407C-88C6-55F151F78178} = {DC643B0C-59C9-483C-8EAB-D7500F053124}
		{CB8BB76F-D3FF-434E-A85E-7FFC0893EC9B} = {4BE1C48D-13B4-4951-B8DB-469EE0BB56B1}
		{785BA08C-7231-42CD-88AF-22BB72BE972B} = {DC643B0C-59C9-483C-8EAB-D7500F053124}
		{C77A529D-D263-45C7-BAD6-F5E07DE511B5} = {4BE1C48D-13B4-4951-B8DB-469EE0BB56B1}
		{F845544D-E354-32E3-8F9F-715855ACEFC8} = {DC643B0C-59C9-483C-8EAB-D7500F053124}
		{2BBED7D2-83B7-4AFB-A90D-CCFFF49E2075} = {4BE1C48D-13B4-4951-B8DB-469EE0BB56B1}
		{E2068763-58F5-4380-B6A5-1D02290220F3} = {0B67D7ED-6CCC-40CC-A0EC-78F5866E6947}
		{28EC8832-C472-38CC-A407-70C35EF810DD} = {E2068763-58F5-4380-B6A5-1D02290220F3}
		{A5D564A6-D503-3239-851D-75F9C839CDF7} = {E2068763-58F5-4380-B6A5-1D02290220F3}
		{4613EDC6-AA71-3AEC-A58E-C322B57A7737} = {E2068763-58F5-4380-B6A5-1D02290220F3}
		{9D6D8280-2A4D-315C-B068-675031936186} = {E2068763-58F5-4380-B6A5-1D02290220F3}
		{BB6E368D-D801-32A8-861A-E3CC238E831D} = {E2068763-58F5-4380-B6A5-1D02290220F3}
		{C60DAFAF-165B-37A6-A3A3-DA98C450BA4F} = {E2068763-58F5-4380-B6A5-1D02290220F3}
		{3C104F36-AE63-3D19-901B-24D25AE6C5F1} = {E2068763-58F5-4380-B6A5-1D02290220F3}
		{EBD3C147-AC25-348B-8AF8-CFE50BEA7E8D} = {E2068763-58F5-4380-B6A5-1D02290220F3}
		{38985C75-DC80-3721-9F87-A71E0133D13A} = {E2068763-58F5-4380-B6A5-1D02290220F3}
		{5C326712-2422-3538-A27D-DB34A744CC7F} = {E2068763-58F5-4380-B6A5-1D02290220F3}
	EndGlobalSection
	GlobalSection(ExtensibilityGlobals) = postSolution
		SolutionGuid = {0A8CEE52-492A-4393-9DD8-1A14948800DE}
	EndGlobalSection
EndGlobal
